
Microsoft Visual Studio Solution File, Format Version 12.00
# Visual Studio Version 17
VisualStudioVersion = 17.3.32929.385
MinimumVisualStudioVersion = 10.0.40219.1
Project("{9A19103F-16F7-4668-BE54-9A1E7A4F7556}") = "Ecs.CSharp.Benchmark", "Ecs.CSharp.Benchmark\Ecs.CSharp.Benchmark.csproj", "{66637992-8C7F-44DB-BBE5-7AE008FC9BA9}"
EndProject
Project("{2150E333-8FDC-42A3-9474-1A3956D46DE8}") = "_Solution Items", "_Solution Items", "{A2B996C4-02B6-4688-B4AB-DB24AF92BC1B}"
	ProjectSection(SolutionItems) = preProject
		.editorconfig = .editorconfig
		..\.gitignore = ..\.gitignore
		NuGet.config = NuGet.config
		..\README.md = ..\README.md
	EndProjectSection
EndProject
Project("{2150E333-8FDC-42A3-9474-1A3956D46DE8}") = "workflows", "workflows", "{FCF463F0-45FF-44D1-A5AF-8EDB5BB3E527}"
	ProjectSection(SolutionItems) = preProject
		..\.github\workflows\ContinuousIntegration.yml = ..\.github\workflows\ContinuousIntegration.yml
		..\.github\workflows\PullRequest.yml = ..\.github\workflows\PullRequest.yml
	EndProjectSection
EndProject
Global
	GlobalSection(SolutionConfigurationPlatforms) = preSolution
		Debug|Any CPU = Debug|Any CPU
		Release|Any CPU = Release|Any CPU
	EndGlobalSection
	GlobalSection(ProjectConfigurationPlatforms) = postSolution
		{66637992-8C7F-44DB-BBE5-7AE008FC9BA9}.Debug|Any CPU.ActiveCfg = Debug|Any CPU
		{66637992-8C7F-44DB-BBE5-7AE008FC9BA9}.Debug|Any CPU.Build.0 = Debug|Any CPU
		{66637992-8C7F-44DB-BBE5-7AE008FC9BA9}.Release|Any CPU.ActiveCfg = Release|Any CPU
		{66637992-8C7F-44DB-BBE5-7AE008FC9BA9}.Release|Any CPU.Build.0 = Release|Any CPU
	EndGlobalSection
	GlobalSection(SolutionProperties) = preSolution
		HideSolutionNode = FALSE
	EndGlobalSection
	GlobalSection(NestedProjects) = preSolution
		{FCF463F0-45FF-44D1-A5AF-8EDB5BB3E527} = {A2B996C4-02B6-4688-B4AB-DB24AF92BC1B}
	EndGlobalSection
	GlobalSection(ExtensibilityGlobals) = postSolution
		SolutionGuid = {607C6B32-EA61-40B7-AEBF-1D6B5E765A3B}
	EndGlobalSection
EndGlobal
